
Microsoft Visual Studio Solution File, Format Version 12.00
# Visual Studio Version 16
VisualStudioVersion = 16.0.29709.97
MinimumVisualStudioVersion = 10.0.40219.1
Project("{FAE04EC0-301F-11D3-BF4B-00C04F79EFBC}") = "Kornislav", "Kornislav\Kornislav.csproj", "{417C9934-DAE5-457C-A542-1B78DD70B065}"
EndProject
Global
	GlobalSection(SolutionConfigurationPlatforms) = preSolution
		Debug|Any CPU = Debug|Any CPU
		Release|Any CPU = Release|Any CPU
	EndGlobalSection
	GlobalSection(ProjectConfigurationPlatforms) = postSolution
		{417C9934-DAE5-457C-A542-1B78DD70B065}.Debug|Any CPU.ActiveCfg = Debug|Any CPU
		{417C9934-DAE5-457C-A542-1B78DD70B065}.Debug|Any CPU.Build.0 = Debug|Any CPU
		{417C9934-DAE5-457C-A542-1B78DD70B065}.Release|Any CPU.ActiveCfg = Release|Any CPU
		{417C9934-DAE5-457C-A542-1B78DD70B065}.Release|Any CPU.Build.0 = Release|Any CPU
	EndGlobalSection
	GlobalSection(SolutionProperties) = preSolution
		HideSolutionNode = FALSE
	EndGlobalSection
	GlobalSection(ExtensibilityGlobals) = postSolution
		SolutionGuid = {7DCD58E7-6089-44F2-95DB-1132847919A3}
	EndGlobalSection
EndGlobal
